
Microsoft Visual Studio Solution File, Format Version 12.00
# Visual Studio Version 17
VisualStudioVersion = 17.1.32421.90
MinimumVisualStudioVersion = 10.0.40219.1
Project("{9A19103F-16F7-4668-BE54-9A1E7A4F7556}") = "SeleniumWebDriverCourse", "SeleniumWebDriverCourse\SeleniumWebDriverCourse.csproj", "{92E6B0B5-3A32-46EC-B5F3-FE011BED37CD}"
EndProject
Project("{9A19103F-16F7-4668-BE54-9A1E7A4F7556}") = "Litecart.UI.Client", "Litecart.UI.Client\Litecart.UI.Client.csproj", "{3F1D58F2-3AB1-4E04-8A3D-AD5812A012F6}"
EndProject
Global
	GlobalSection(SolutionConfigurationPlatforms) = preSolution
		Debug|Any CPU = Debug|Any CPU
		Release|Any CPU = Release|Any CPU
	EndGlobalSection
	GlobalSection(ProjectConfigurationPlatforms) = postSolution
		{92E6B0B5-3A32-46EC-B5F3-FE011BED37CD}.Debug|Any CPU.ActiveCfg = Debug|Any CPU
		{92E6B0B5-3A32-46EC-B5F3-FE011BED37CD}.Debug|Any CPU.Build.0 = Debug|Any CPU
		{92E6B0B5-3A32-46EC-B5F3-FE011BED37CD}.Release|Any CPU.ActiveCfg = Release|Any CPU
		{92E6B0B5-3A32-46EC-B5F3-FE011BED37CD}.Release|Any CPU.Build.0 = Release|Any CPU
		{3F1D58F2-3AB1-4E04-8A3D-AD5812A012F6}.Debug|Any CPU.ActiveCfg = Debug|Any CPU
		{3F1D58F2-3AB1-4E04-8A3D-AD5812A012F6}.Debug|Any CPU.Build.0 = Debug|Any CPU
		{3F1D58F2-3AB1-4E04-8A3D-AD5812A012F6}.Release|Any CPU.ActiveCfg = Release|Any CPU
		{3F1D58F2-3AB1-4E04-8A3D-AD5812A012F6}.Release|Any CPU.Build.0 = Release|Any CPU
	EndGlobalSection
	GlobalSection(SolutionProperties) = preSolution
		HideSolutionNode = FALSE
	EndGlobalSection
	GlobalSection(ExtensibilityGlobals) = postSolution
		SolutionGuid = {AB1981A0-90E0-49E6-A37C-B3A413DABAB9}
	EndGlobalSection
EndGlobal
